
Microsoft Visual Studio Solution File, Format Version 12.00
# Visual Studio 15
VisualStudioVersion = 15.0.27130.2026
MinimumVisualStudioVersion = 10.0.40219.1
Project("{FAE04EC0-301F-11D3-BF4B-00C04F79EFBC}") = "WebApplication", "WebApplication\WebApplication.csproj", "{D630D008-F86B-4D8F-9C93-711549F22DEC}"
EndProject
Project("{FAE04EC0-301F-11D3-BF4B-00C04F79EFBC}") = "WebApplication.Tests", "WebApplication.Tests\WebApplication.Tests.csproj", "{B4CD5FC8-6BDA-4FE0-B6BA-31CF9B5FA771}"
EndProject
Project("{FAE04EC0-301F-11D3-BF4B-00C04F79EFBC}") = "DAL", "DAL\DAL.csproj", "{129EFD69-77CB-44B0-B64B-2DC2219274EE}"
EndProject
Project("{00D1A9C2-B5F0-4AF3-8072-F6C62B433612}") = "Database", "Database\Database.sqlproj", "{450D5B6C-FFB0-4918-A5C4-0123F61BB145}"
EndProject
Global
	GlobalSection(SolutionConfigurationPlatforms) = preSolution
		Debug|Any CPU = Debug|Any CPU
		Release|Any CPU = Release|Any CPU
	EndGlobalSection
	GlobalSection(ProjectConfigurationPlatforms) = postSolution
		{D630D008-F86B-4D8F-9C93-711549F22DEC}.Debug|Any CPU.ActiveCfg = Debug|Any CPU
		{D630D008-F86B-4D8F-9C93-711549F22DEC}.Debug|Any CPU.Build.0 = Debug|Any CPU
		{D630D008-F86B-4D8F-9C93-711549F22DEC}.Release|Any CPU.ActiveCfg = Release|Any CPU
		{D630D008-F86B-4D8F-9C93-711549F22DEC}.Release|Any CPU.Build.0 = Release|Any CPU
		{B4CD5FC8-6BDA-4FE0-B6BA-31CF9B5FA771}.Debug|Any CPU.ActiveCfg = Debug|Any CPU
		{B4CD5FC8-6BDA-4FE0-B6BA-31CF9B5FA771}.Debug|Any CPU.Build.0 = Debug|Any CPU
		{B4CD5FC8-6BDA-4FE0-B6BA-31CF9B5FA771}.Release|Any CPU.ActiveCfg = Release|Any CPU
		{B4CD5FC8-6BDA-4FE0-B6BA-31CF9B5FA771}.Release|Any CPU.Build.0 = Release|Any CPU
		{129EFD69-77CB-44B0-B64B-2DC2219274EE}.Debug|Any CPU.ActiveCfg = Debug|Any CPU
		{129EFD69-77CB-44B0-B64B-2DC2219274EE}.Debug|Any CPU.Build.0 = Debug|Any CPU
		{129EFD69-77CB-44B0-B64B-2DC2219274EE}.Release|Any CPU.ActiveCfg = Release|Any CPU
		{129EFD69-77CB-44B0-B64B-2DC2219274EE}.Release|Any CPU.Build.0 = Release|Any CPU
		{450D5B6C-FFB0-4918-A5C4-0123F61BB145}.Debug|Any CPU.ActiveCfg = Debug|Any CPU
		{450D5B6C-FFB0-4918-A5C4-0123F61BB145}.Debug|Any CPU.Build.0 = Debug|Any CPU
		{450D5B6C-FFB0-4918-A5C4-0123F61BB145}.Debug|Any CPU.Deploy.0 = Debug|Any CPU
		{450D5B6C-FFB0-4918-A5C4-0123F61BB145}.Release|Any CPU.ActiveCfg = Release|Any CPU
		{450D5B6C-FFB0-4918-A5C4-0123F61BB145}.Release|Any CPU.Build.0 = Release|Any CPU
		{450D5B6C-FFB0-4918-A5C4-0123F61BB145}.Release|Any CPU.Deploy.0 = Release|Any CPU
	EndGlobalSection
	GlobalSection(SolutionProperties) = preSolution
		HideSolutionNode = FALSE
	EndGlobalSection
	GlobalSection(ExtensibilityGlobals) = postSolution
		SolutionGuid = {FA60ECD7-0154-4993-96BF-937606059550}
	EndGlobalSection
EndGlobal
